
Microsoft Visual Studio Solution File, Format Version 12.00
# Visual Studio Version 16
VisualStudioVersion = 16.0.30804.86
MinimumVisualStudioVersion = 10.0.40219.1
Project("{9A19103F-16F7-4668-BE54-9A1E7A4F7556}") = "InyecciondeDependenciasApp", "InyecciondeDependenciasApp\InyecciondeDependenciasApp.csproj", "{1489C31A-2279-461F-8C62-9D93100DC6E8}"
EndProject
Project("{FAE04EC0-301F-11D3-BF4B-00C04F79EFBC}") = "Negocio", "Negocio\Negocio.csproj", "{52CD49BB-F20D-481A-A5F9-69ED2D845170}"
EndProject
Project("{FAE04EC0-301F-11D3-BF4B-00C04F79EFBC}") = "Entidades", "Entidades\Entidades.csproj", "{46E4A50B-FCE7-47C9-B015-DB9CDF2C20E1}"
EndProject
Project("{FAE04EC0-301F-11D3-BF4B-00C04F79EFBC}") = "PersistenciaMau", "PersistenciaMau\PersistenciaMau.csproj", "{A8BAE4E8-E771-45D9-A234-D6C410A0F634}"
EndProject
Project("{FAE04EC0-301F-11D3-BF4B-00C04F79EFBC}") = "DatosOtro", "DatosOtro\DatosOtro.csproj", "{AAA6AF37-3BCE-4AA5-A298-70526477E55D}"
EndProject
Project("{FAE04EC0-301F-11D3-BF4B-00C04F79EFBC}") = "Interfaces", "Interfaces\Interfaces.csproj", "{9F30D460-3AD6-41AE-8C1E-FFC5F6780B1B}"
EndProject
Global
	GlobalSection(SolutionConfigurationPlatforms) = preSolution
		Debug|Any CPU = Debug|Any CPU
		Release|Any CPU = Release|Any CPU
	EndGlobalSection
	GlobalSection(ProjectConfigurationPlatforms) = postSolution
		{1489C31A-2279-461F-8C62-9D93100DC6E8}.Debug|Any CPU.ActiveCfg = Debug|Any CPU
		{1489C31A-2279-461F-8C62-9D93100DC6E8}.Debug|Any CPU.Build.0 = Debug|Any CPU
		{1489C31A-2279-461F-8C62-9D93100DC6E8}.Release|Any CPU.ActiveCfg = Release|Any CPU
		{1489C31A-2279-461F-8C62-9D93100DC6E8}.Release|Any CPU.Build.0 = Release|Any CPU
		{52CD49BB-F20D-481A-A5F9-69ED2D845170}.Debug|Any CPU.ActiveCfg = Debug|Any CPU
		{52CD49BB-F20D-481A-A5F9-69ED2D845170}.Debug|Any CPU.Build.0 = Debug|Any CPU
		{52CD49BB-F20D-481A-A5F9-69ED2D845170}.Release|Any CPU.ActiveCfg = Release|Any CPU
		{52CD49BB-F20D-481A-A5F9-69ED2D845170}.Release|Any CPU.Build.0 = Release|Any CPU
		{46E4A50B-FCE7-47C9-B015-DB9CDF2C20E1}.Debug|Any CPU.ActiveCfg = Debug|Any CPU
		{46E4A50B-FCE7-47C9-B015-DB9CDF2C20E1}.Debug|Any CPU.Build.0 = Debug|Any CPU
		{46E4A50B-FCE7-47C9-B015-DB9CDF2C20E1}.Release|Any CPU.ActiveCfg = Release|Any CPU
		{46E4A50B-FCE7-47C9-B015-DB9CDF2C20E1}.Release|Any CPU.Build.0 = Release|Any CPU
		{A8BAE4E8-E771-45D9-A234-D6C410A0F634}.Debug|Any CPU.ActiveCfg = Debug|Any CPU
		{A8BAE4E8-E771-45D9-A234-D6C410A0F634}.Debug|Any CPU.Build.0 = Debug|Any CPU
		{A8BAE4E8-E771-45D9-A234-D6C410A0F634}.Release|Any CPU.ActiveCfg = Release|Any CPU
		{A8BAE4E8-E771-45D9-A234-D6C410A0F634}.Release|Any CPU.Build.0 = Release|Any CPU
		{AAA6AF37-3BCE-4AA5-A298-70526477E55D}.Debug|Any CPU.ActiveCfg = Debug|Any CPU
		{AAA6AF37-3BCE-4AA5-A298-70526477E55D}.Debug|Any CPU.Build.0 = Debug|Any CPU
		{AAA6AF37-3BCE-4AA5-A298-70526477E55D}.Release|Any CPU.ActiveCfg = Release|Any CPU
		{AAA6AF37-3BCE-4AA5-A298-70526477E55D}.Release|Any CPU.Build.0 = Release|Any CPU
		{9F30D460-3AD6-41AE-8C1E-FFC5F6780B1B}.Debug|Any CPU.ActiveCfg = Debug|Any CPU
		{9F30D460-3AD6-41AE-8C1E-FFC5F6780B1B}.Debug|Any CPU.Build.0 = Debug|Any CPU
		{9F30D460-3AD6-41AE-8C1E-FFC5F6780B1B}.Release|Any CPU.ActiveCfg = Release|Any CPU
		{9F30D460-3AD6-41AE-8C1E-FFC5F6780B1B}.Release|Any CPU.Build.0 = Release|Any CPU
	EndGlobalSection
	GlobalSection(SolutionProperties) = preSolution
		HideSolutionNode = FALSE
	EndGlobalSection
	GlobalSection(ExtensibilityGlobals) = postSolution
		SolutionGuid = {3C4B4434-7E73-425A-BD92-AF902F9450CE}
	EndGlobalSection
EndGlobal
